
Microsoft Visual Studio Solution File, Format Version 12.00
# Visual Studio Version 16
VisualStudioVersion = 16.0.31129.286
MinimumVisualStudioVersion = 10.0.40219.1
Project("{D954291E-2A0B-460D-934E-DC6B0785DB48}") = "UnoWasmGoogleMaps.Shared", "UnoWasmGoogleMaps\UnoWasmGoogleMaps.Shared\UnoWasmGoogleMaps.Shared.shproj", "{6279C845-92F8-4333-AB99-3D213163593C}"
EndProject
Project("{2150E333-8FDC-42A3-9474-1A3956D46DE8}") = "Platforms", "Platforms", "{BF6C10B4-2AB6-442D-A1F7-B40A6230C9C3}"
EndProject
Project("{FAE04EC0-301F-11D3-BF4B-00C04F79EFBC}") = "UnoWasmGoogleMaps.Droid", "UnoWasmGoogleMaps\UnoWasmGoogleMaps.Droid\UnoWasmGoogleMaps.Droid.csproj", "{76D84C48-9355-4CDE-BC33-D9DF87931CB3}"
EndProject
Project("{FAE04EC0-301F-11D3-BF4B-00C04F79EFBC}") = "UnoWasmGoogleMaps.iOS", "UnoWasmGoogleMaps\UnoWasmGoogleMaps.iOS\UnoWasmGoogleMaps.iOS.csproj", "{D040A7A4-E7BD-4FE6-A624-2879AD589910}"
EndProject
Project("{FAE04EC0-301F-11D3-BF4B-00C04F79EFBC}") = "UnoWasmGoogleMaps.UWP", "UnoWasmGoogleMaps\UnoWasmGoogleMaps.UWP\UnoWasmGoogleMaps.UWP.csproj", "{4807F2FE-AEA5-4594-8CC5-ECB9313CA914}"
EndProject
Project("{FAE04EC0-301F-11D3-BF4B-00C04F79EFBC}") = "UnoWasmGoogleMaps.Wasm", "UnoWasmGoogleMaps\UnoWasmGoogleMaps.Wasm\UnoWasmGoogleMaps.Wasm.csproj", "{5C7E6AB3-DE84-4F7A-A07C-43742CC356FF}"
EndProject
Project("{FAE04EC0-301F-11D3-BF4B-00C04F79EFBC}") = "UnoWasmGoogleMaps.macOS", "UnoWasmGoogleMaps\UnoWasmGoogleMaps.macOS\UnoWasmGoogleMaps.macOS.csproj", "{306B6D21-036D-458A-85A5-B4142DAF470C}"
EndProject
Project("{FAE04EC0-301F-11D3-BF4B-00C04F79EFBC}") = "UnoWasmGoogleMaps.Skia.Wpf.Host", "UnoWasmGoogleMaps\UnoWasmGoogleMaps.Skia.Wpf.Host\UnoWasmGoogleMaps.Skia.Wpf.Host.csproj", "{2E5B57D6-5B81-45A5-9317-D4CCB0EAFB44}"
EndProject
Project("{FAE04EC0-301F-11D3-BF4B-00C04F79EFBC}") = "UnoWasmGoogleMaps.Skia.Wpf", "UnoWasmGoogleMaps\UnoWasmGoogleMaps.Skia.Wpf\UnoWasmGoogleMaps.Skia.Wpf.csproj", "{F92FF48B-7AC7-4158-8CC9-B40FE8AF4716}"
EndProject
Project("{FAE04EC0-301F-11D3-BF4B-00C04F79EFBC}") = "UnoWasmGoogleMaps.Skia.Gtk", "UnoWasmGoogleMaps\UnoWasmGoogleMaps.Skia.Gtk\UnoWasmGoogleMaps.Skia.Gtk.csproj", "{DB2E9D59-31A9-4F14-B8D8-EB877334DC4F}"
EndProject
Project("{FAE04EC0-301F-11D3-BF4B-00C04F79EFBC}") = "UnoWasmGoogleMaps.Skia.Tizen", "UnoWasmGoogleMaps\UnoWasmGoogleMaps.Skia.Tizen\UnoWasmGoogleMaps.Skia.Tizen.csproj", "{64B224EA-0302-4DF1-A832-86D268C2FB54}"
EndProject
Global
	GlobalSection(SharedMSBuildProjectFiles) = preSolution
		UnoWasmGoogleMaps\UnoWasmGoogleMaps.Shared\UnoWasmGoogleMaps.Shared.projitems*{306b6d21-036d-458a-85a5-b4142daf470c}*SharedItemsImports = 4
		UnoWasmGoogleMaps\UnoWasmGoogleMaps.Shared\UnoWasmGoogleMaps.Shared.projitems*{4807f2fe-aea5-4594-8cc5-ecb9313ca914}*SharedItemsImports = 4
		UnoWasmGoogleMaps\UnoWasmGoogleMaps.Shared\UnoWasmGoogleMaps.Shared.projitems*{5c7e6ab3-de84-4f7a-a07c-43742cc356ff}*SharedItemsImports = 5
		UnoWasmGoogleMaps\UnoWasmGoogleMaps.Shared\UnoWasmGoogleMaps.Shared.projitems*{6279c845-92f8-4333-ab99-3d213163593c}*SharedItemsImports = 13
		UnoWasmGoogleMaps\UnoWasmGoogleMaps.Shared\UnoWasmGoogleMaps.Shared.projitems*{64b224ea-0302-4df1-a832-86d268c2fb54}*SharedItemsImports = 5
		UnoWasmGoogleMaps\UnoWasmGoogleMaps.Shared\UnoWasmGoogleMaps.Shared.projitems*{76d84c48-9355-4cde-bc33-d9df87931cb3}*SharedItemsImports = 4
		UnoWasmGoogleMaps\UnoWasmGoogleMaps.Shared\UnoWasmGoogleMaps.Shared.projitems*{d040a7a4-e7bd-4fe6-a624-2879ad589910}*SharedItemsImports = 4
		UnoWasmGoogleMaps\UnoWasmGoogleMaps.Shared\UnoWasmGoogleMaps.Shared.projitems*{db2e9d59-31a9-4f14-b8d8-eb877334dc4f}*SharedItemsImports = 5
		UnoWasmGoogleMaps\UnoWasmGoogleMaps.Shared\UnoWasmGoogleMaps.Shared.projitems*{f92ff48b-7ac7-4158-8cc9-b40fe8af4716}*SharedItemsImports = 5
	EndGlobalSection
	GlobalSection(SolutionConfigurationPlatforms) = preSolution
		Ad-Hoc|Any CPU = Ad-Hoc|Any CPU
		Ad-Hoc|ARM = Ad-Hoc|ARM
		Ad-Hoc|ARM64 = Ad-Hoc|ARM64
		Ad-Hoc|iPhone = Ad-Hoc|iPhone
		Ad-Hoc|iPhoneSimulator = Ad-Hoc|iPhoneSimulator
		Ad-Hoc|x64 = Ad-Hoc|x64
		Ad-Hoc|x86 = Ad-Hoc|x86
		AppStore|Any CPU = AppStore|Any CPU
		AppStore|ARM = AppStore|ARM
		AppStore|ARM64 = AppStore|ARM64
		AppStore|iPhone = AppStore|iPhone
		AppStore|iPhoneSimulator = AppStore|iPhoneSimulator
		AppStore|x64 = AppStore|x64
		AppStore|x86 = AppStore|x86
		Debug|Any CPU = Debug|Any CPU
		Debug|ARM = Debug|ARM
		Debug|ARM64 = Debug|ARM64
		Debug|iPhone = Debug|iPhone
		Debug|iPhoneSimulator = Debug|iPhoneSimulator
		Debug|x64 = Debug|x64
		Debug|x86 = Debug|x86
		Release|Any CPU = Release|Any CPU
		Release|ARM = Release|ARM
		Release|ARM64 = Release|ARM64
		Release|iPhone = Release|iPhone
		Release|iPhoneSimulator = Release|iPhoneSimulator
		Release|x64 = Release|x64
		Release|x86 = Release|x86
	EndGlobalSection
	GlobalSection(ProjectConfigurationPlatforms) = postSolution
		{76D84C48-9355-4CDE-BC33-D9DF87931CB3}.Ad-Hoc|Any CPU.ActiveCfg = Debug|Any CPU
		{76D84C48-9355-4CDE-BC33-D9DF87931CB3}.Ad-Hoc|Any CPU.Build.0 = Debug|Any CPU
		{76D84C48-9355-4CDE-BC33-D9DF87931CB3}.Ad-Hoc|Any CPU.Deploy.0 = Debug|Any CPU
		{76D84C48-9355-4CDE-BC33-D9DF87931CB3}.Ad-Hoc|ARM.ActiveCfg = Debug|Any CPU
		{76D84C48-9355-4CDE-BC33-D9DF87931CB3}.Ad-Hoc|ARM.Build.0 = Debug|Any CPU
		{76D84C48-9355-4CDE-BC33-D9DF87931CB3}.Ad-Hoc|ARM.Deploy.0 = Debug|Any CPU
		{76D84C48-9355-4CDE-BC33-D9DF87931CB3}.Ad-Hoc|ARM64.ActiveCfg = Debug|Any CPU
		{76D84C48-9355-4CDE-BC33-D9DF87931CB3}.Ad-Hoc|ARM64.Build.0 = Debug|Any CPU
		{76D84C48-9355-4CDE-BC33-D9DF87931CB3}.Ad-Hoc|ARM64.Deploy.0 = Debug|Any CPU
		{76D84C48-9355-4CDE-BC33-D9DF87931CB3}.Ad-Hoc|iPhone.ActiveCfg = Debug|Any CPU
		{76D84C48-9355-4CDE-BC33-D9DF87931CB3}.Ad-Hoc|iPhone.Build.0 = Debug|Any CPU
		{76D84C48-9355-4CDE-BC33-D9DF87931CB3}.Ad-Hoc|iPhone.Deploy.0 = Debug|Any CPU
		{76D84C48-9355-4CDE-BC33-D9DF87931CB3}.Ad-Hoc|iPhoneSimulator.ActiveCfg = Debug|Any CPU
		{76D84C48-9355-4CDE-BC33-D9DF87931CB3}.Ad-Hoc|iPhoneSimulator.Build.0 = Debug|Any CPU
		{76D84C48-9355-4CDE-BC33-D9DF87931CB3}.Ad-Hoc|iPhoneSimulator.Deploy.0 = Debug|Any CPU
		{76D84C48-9355-4CDE-BC33-D9DF87931CB3}.Ad-Hoc|x64.ActiveCfg = Debug|Any CPU
		{76D84C48-9355-4CDE-BC33-D9DF87931CB3}.Ad-Hoc|x64.Build.0 = Debug|Any CPU
		{76D84C48-9355-4CDE-BC33-D9DF87931CB3}.Ad-Hoc|x64.Deploy.0 = Debug|Any CPU
		{76D84C48-9355-4CDE-BC33-D9DF87931CB3}.Ad-Hoc|x86.ActiveCfg = Debug|Any CPU
		{76D84C48-9355-4CDE-BC33-D9DF87931CB3}.Ad-Hoc|x86.Build.0 = Debug|Any CPU
		{76D84C48-9355-4CDE-BC33-D9DF87931CB3}.Ad-Hoc|x86.Deploy.0 = Debug|Any CPU
		{76D84C48-9355-4CDE-BC33-D9DF87931CB3}.AppStore|Any CPU.ActiveCfg = Debug|Any CPU
		{76D84C48-9355-4CDE-BC33-D9DF87931CB3}.AppStore|Any CPU.Build.0 = Debug|Any CPU
		{76D84C48-9355-4CDE-BC33-D9DF87931CB3}.AppStore|Any CPU.Deploy.0 = Debug|Any CPU
		{76D84C48-9355-4CDE-BC33-D9DF87931CB3}.AppStore|ARM.ActiveCfg = Debug|Any CPU
		{76D84C48-9355-4CDE-BC33-D9DF87931CB3}.AppStore|ARM.Build.0 = Debug|Any CPU
		{76D84C48-9355-4CDE-BC33-D9DF87931CB3}.AppStore|ARM.Deploy.0 = Debug|Any CPU
		{76D84C48-9355-4CDE-BC33-D9DF87931CB3}.AppStore|ARM64.ActiveCfg = Debug|Any CPU
		{76D84C48-9355-4CDE-BC33-D9DF87931CB3}.AppStore|ARM64.Build.0 = Debug|Any CPU
		{76D84C48-9355-4CDE-BC33-D9DF87931CB3}.AppStore|ARM64.Deploy.0 = Debug|Any CPU
		{76D84C48-9355-4CDE-BC33-D9DF87931CB3}.AppStore|iPhone.ActiveCfg = Debug|Any CPU
		{76D84C48-9355-4CDE-BC33-D9DF87931CB3}.AppStore|iPhone.Build.0 = Debug|Any CPU
		{76D84C48-9355-4CDE-BC33-D9DF87931CB3}.AppStore|iPhone.Deploy.0 = Debug|Any CPU
		{76D84C48-9355-4CDE-BC33-D9DF87931CB3}.AppStore|iPhoneSimulator.ActiveCfg = Debug|Any CPU
		{76D84C48-9355-4CDE-BC33-D9DF87931CB3}.AppStore|iPhoneSimulator.Build.0 = Debug|Any CPU
		{76D84C48-9355-4CDE-BC33-D9DF87931CB3}.AppStore|iPhoneSimulator.Deploy.0 = Debug|Any CPU
		{76D84C48-9355-4CDE-BC33-D9DF87931CB3}.AppStore|x64.ActiveCfg = Debug|Any CPU
		{76D84C48-9355-4CDE-BC33-D9DF87931CB3}.AppStore|x64.Build.0 = Debug|Any CPU
		{76D84C48-9355-4CDE-BC33-D9DF87931CB3}.AppStore|x64.Deploy.0 = Debug|Any CPU
		{76D84C48-9355-4CDE-BC33-D9DF87931CB3}.AppStore|x86.ActiveCfg = Debug|Any CPU
		{76D84C48-9355-4CDE-BC33-D9DF87931CB3}.AppStore|x86.Build.0 = Debug|Any CPU
		{76D84C48-9355-4CDE-BC33-D9DF87931CB3}.AppStore|x86.Deploy.0 = Debug|Any CPU
		{76D84C48-9355-4CDE-BC33-D9DF87931CB3}.Debug|Any CPU.ActiveCfg = Debug|Any CPU
		{76D84C48-9355-4CDE-BC33-D9DF87931CB3}.Debug|Any CPU.Build.0 = Debug|Any CPU
		{76D84C48-9355-4CDE-BC33-D9DF87931CB3}.Debug|Any CPU.Deploy.0 = Debug|Any CPU
		{76D84C48-9355-4CDE-BC33-D9DF87931CB3}.Debug|ARM.ActiveCfg = Debug|Any CPU
		{76D84C48-9355-4CDE-BC33-D9DF87931CB3}.Debug|ARM.Build.0 = Debug|Any CPU
		{76D84C48-9355-4CDE-BC33-D9DF87931CB3}.Debug|ARM.Deploy.0 = Debug|Any CPU
		{76D84C48-9355-4CDE-BC33-D9DF87931CB3}.Debug|ARM64.ActiveCfg = Debug|Any CPU
		{76D84C48-9355-4CDE-BC33-D9DF87931CB3}.Debug|ARM64.Build.0 = Debug|Any CPU
		{76D84C48-9355-4CDE-BC33-D9DF87931CB3}.Debug|ARM64.Deploy.0 = Debug|Any CPU
		{76D84C48-9355-4CDE-BC33-D9DF87931CB3}.Debug|iPhone.ActiveCfg = Debug|Any CPU
		{76D84C48-9355-4CDE-BC33-D9DF87931CB3}.Debug|iPhone.Build.0 = Debug|Any CPU
		{76D84C48-9355-4CDE-BC33-D9DF87931CB3}.Debug|iPhone.Deploy.0 = Debug|Any CPU
		{76D84C48-9355-4CDE-BC33-D9DF87931CB3}.Debug|iPhoneSimulator.ActiveCfg = Debug|Any CPU
		{76D84C48-9355-4CDE-BC33-D9DF87931CB3}.Debug|iPhoneSimulator.Build.0 = Debug|Any CPU
		{76D84C48-9355-4CDE-BC33-D9DF87931CB3}.Debug|iPhoneSimulator.Deploy.0 = Debug|Any CPU
		{76D84C48-9355-4CDE-BC33-D9DF87931CB3}.Debug|x64.ActiveCfg = Debug|Any CPU
		{76D84C48-9355-4CDE-BC33-D9DF87931CB3}.Debug|x64.Build.0 = Debug|Any CPU
		{76D84C48-9355-4CDE-BC33-D9DF87931CB3}.Debug|x64.Deploy.0 = Debug|Any CPU
		{76D84C48-9355-4CDE-BC33-D9DF87931CB3}.Debug|x86.ActiveCfg = Debug|Any CPU
		{76D84C48-9355-4CDE-BC33-D9DF87931CB3}.Debug|x86.Build.0 = Debug|Any CPU
		{76D84C48-9355-4CDE-BC33-D9DF87931CB3}.Debug|x86.Deploy.0 = Debug|Any CPU
		{76D84C48-9355-4CDE-BC33-D9DF87931CB3}.Release|Any CPU.ActiveCfg = Release|Any CPU
		{76D84C48-9355-4CDE-BC33-D9DF87931CB3}.Release|Any CPU.Build.0 = Release|Any CPU
		{76D84C48-9355-4CDE-BC33-D9DF87931CB3}.Release|Any CPU.Deploy.0 = Release|Any CPU
		{76D84C48-9355-4CDE-BC33-D9DF87931CB3}.Release|ARM.ActiveCfg = Release|Any CPU
		{76D84C48-9355-4CDE-BC33-D9DF87931CB3}.Release|ARM.Build.0 = Release|Any CPU
		{76D84C48-9355-4CDE-BC33-D9DF87931CB3}.Release|ARM.Deploy.0 = Release|Any CPU
		{76D84C48-9355-4CDE-BC33-D9DF87931CB3}.Release|ARM64.ActiveCfg = Release|Any CPU
		{76D84C48-9355-4CDE-BC33-D9DF87931CB3}.Release|ARM64.Build.0 = Release|Any CPU
		{76D84C48-9355-4CDE-BC33-D9DF87931CB3}.Release|ARM64.Deploy.0 = Release|Any CPU
		{76D84C48-9355-4CDE-BC33-D9DF87931CB3}.Release|iPhone.ActiveCfg = Release|Any CPU
		{76D84C48-9355-4CDE-BC33-D9DF87931CB3}.Release|iPhone.Build.0 = Release|Any CPU
		{76D84C48-9355-4CDE-BC33-D9DF87931CB3}.Release|iPhone.Deploy.0 = Release|Any CPU
		{76D84C48-9355-4CDE-BC33-D9DF87931CB3}.Release|iPhoneSimulator.ActiveCfg = Release|Any CPU
		{76D84C48-9355-4CDE-BC33-D9DF87931CB3}.Release|iPhoneSimulator.Build.0 = Release|Any CPU
		{76D84C48-9355-4CDE-BC33-D9DF87931CB3}.Release|iPhoneSimulator.Deploy.0 = Release|Any CPU
		{76D84C48-9355-4CDE-BC33-D9DF87931CB3}.Release|x64.ActiveCfg = Release|Any CPU
		{76D84C48-9355-4CDE-BC33-D9DF87931CB3}.Release|x64.Build.0 = Release|Any CPU
		{76D84C48-9355-4CDE-BC33-D9DF87931CB3}.Release|x64.Deploy.0 = Release|Any CPU
		{76D84C48-9355-4CDE-BC33-D9DF87931CB3}.Release|x86.ActiveCfg = Release|Any CPU
		{76D84C48-9355-4CDE-BC33-D9DF87931CB3}.Release|x86.Build.0 = Release|Any CPU
		{76D84C48-9355-4CDE-BC33-D9DF87931CB3}.Release|x86.Deploy.0 = Release|Any CPU
		{D040A7A4-E7BD-4FE6-A624-2879AD589910}.Ad-Hoc|Any CPU.ActiveCfg = Ad-Hoc|iPhoneSimulator
		{D040A7A4-E7BD-4FE6-A624-2879AD589910}.Ad-Hoc|ARM.ActiveCfg = Ad-Hoc|iPhoneSimulator
		{D040A7A4-E7BD-4FE6-A624-2879AD589910}.Ad-Hoc|ARM64.ActiveCfg = Ad-Hoc|iPhoneSimulator
		{D040A7A4-E7BD-4FE6-A624-2879AD589910}.Ad-Hoc|iPhone.ActiveCfg = Ad-Hoc|iPhone
		{D040A7A4-E7BD-4FE6-A624-2879AD589910}.Ad-Hoc|iPhone.Build.0 = Ad-Hoc|iPhone
		{D040A7A4-E7BD-4FE6-A624-2879AD589910}.Ad-Hoc|iPhoneSimulator.ActiveCfg = Ad-Hoc|iPhoneSimulator
		{D040A7A4-E7BD-4FE6-A624-2879AD589910}.Ad-Hoc|iPhoneSimulator.Build.0 = Ad-Hoc|iPhoneSimulator
		{D040A7A4-E7BD-4FE6-A624-2879AD589910}.Ad-Hoc|x64.ActiveCfg = Ad-Hoc|iPhoneSimulator
		{D040A7A4-E7BD-4FE6-A624-2879AD589910}.Ad-Hoc|x86.ActiveCfg = Ad-Hoc|iPhoneSimulator
		{D040A7A4-E7BD-4FE6-A624-2879AD589910}.AppStore|Any CPU.ActiveCfg = AppStore|iPhoneSimulator
		{D040A7A4-E7BD-4FE6-A624-2879AD589910}.AppStore|ARM.ActiveCfg = AppStore|iPhoneSimulator
		{D040A7A4-E7BD-4FE6-A624-2879AD589910}.AppStore|ARM64.ActiveCfg = AppStore|iPhoneSimulator
		{D040A7A4-E7BD-4FE6-A624-2879AD589910}.AppStore|iPhone.ActiveCfg = AppStore|iPhone
		{D040A7A4-E7BD-4FE6-A624-2879AD589910}.AppStore|iPhone.Build.0 = AppStore|iPhone
		{D040A7A4-E7BD-4FE6-A624-2879AD589910}.AppStore|iPhoneSimulator.ActiveCfg = AppStore|iPhoneSimulator
		{D040A7A4-E7BD-4FE6-A624-2879AD589910}.AppStore|iPhoneSimulator.Build.0 = AppStore|iPhoneSimulator
		{D040A7A4-E7BD-4FE6-A624-2879AD589910}.AppStore|x64.ActiveCfg = AppStore|iPhoneSimulator
		{D040A7A4-E7BD-4FE6-A624-2879AD589910}.AppStore|x86.ActiveCfg = AppStore|iPhoneSimulator
		{D040A7A4-E7BD-4FE6-A624-2879AD589910}.Debug|Any CPU.ActiveCfg = Debug|iPhoneSimulator
		{D040A7A4-E7BD-4FE6-A624-2879AD589910}.Debug|ARM.ActiveCfg = Debug|iPhoneSimulator
		{D040A7A4-E7BD-4FE6-A624-2879AD589910}.Debug|ARM64.ActiveCfg = Debug|iPhoneSimulator
		{D040A7A4-E7BD-4FE6-A624-2879AD589910}.Debug|iPhone.ActiveCfg = Debug|iPhone
		{D040A7A4-E7BD-4FE6-A624-2879AD589910}.Debug|iPhone.Build.0 = Debug|iPhone
		{D040A7A4-E7BD-4FE6-A624-2879AD589910}.Debug|iPhoneSimulator.ActiveCfg = Debug|iPhoneSimulator
		{D040A7A4-E7BD-4FE6-A624-2879AD589910}.Debug|iPhoneSimulator.Build.0 = Debug|iPhoneSimulator
		{D040A7A4-E7BD-4FE6-A624-2879AD589910}.Debug|x64.ActiveCfg = Debug|iPhoneSimulator
		{D040A7A4-E7BD-4FE6-A624-2879AD589910}.Debug|x86.ActiveCfg = Debug|iPhoneSimulator
		{D040A7A4-E7BD-4FE6-A624-2879AD589910}.Release|Any CPU.ActiveCfg = Release|iPhoneSimulator
		{D040A7A4-E7BD-4FE6-A624-2879AD589910}.Release|ARM.ActiveCfg = Release|iPhoneSimulator
		{D040A7A4-E7BD-4FE6-A624-2879AD589910}.Release|ARM64.ActiveCfg = Release|iPhoneSimulator
		{D040A7A4-E7BD-4FE6-A624-2879AD589910}.Release|iPhone.ActiveCfg = Release|iPhone
		{D040A7A4-E7BD-4FE6-A624-2879AD589910}.Release|iPhone.Build.0 = Release|iPhone
		{D040A7A4-E7BD-4FE6-A624-2879AD589910}.Release|iPhoneSimulator.ActiveCfg = Release|iPhoneSimulator
		{D040A7A4-E7BD-4FE6-A624-2879AD589910}.Release|iPhoneSimulator.Build.0 = Release|iPhoneSimulator
		{D040A7A4-E7BD-4FE6-A624-2879AD589910}.Release|x64.ActiveCfg = Release|iPhoneSimulator
		{D040A7A4-E7BD-4FE6-A624-2879AD589910}.Release|x86.ActiveCfg = Release|iPhoneSimulator
		{4807F2FE-AEA5-4594-8CC5-ECB9313CA914}.Ad-Hoc|Any CPU.ActiveCfg = Debug|x86
		{4807F2FE-AEA5-4594-8CC5-ECB9313CA914}.Ad-Hoc|Any CPU.Build.0 = Debug|x86
		{4807F2FE-AEA5-4594-8CC5-ECB9313CA914}.Ad-Hoc|Any CPU.Deploy.0 = Debug|x86
		{4807F2FE-AEA5-4594-8CC5-ECB9313CA914}.Ad-Hoc|ARM.ActiveCfg = Debug|ARM
		{4807F2FE-AEA5-4594-8CC5-ECB9313CA914}.Ad-Hoc|ARM.Build.0 = Debug|ARM
		{4807F2FE-AEA5-4594-8CC5-ECB9313CA914}.Ad-Hoc|ARM.Deploy.0 = Debug|ARM
		{4807F2FE-AEA5-4594-8CC5-ECB9313CA914}.Ad-Hoc|ARM64.ActiveCfg = Debug|ARM64
		{4807F2FE-AEA5-4594-8CC5-ECB9313CA914}.Ad-Hoc|ARM64.Build.0 = Debug|ARM64
		{4807F2FE-AEA5-4594-8CC5-ECB9313CA914}.Ad-Hoc|ARM64.Deploy.0 = Debug|ARM64
		{4807F2FE-AEA5-4594-8CC5-ECB9313CA914}.Ad-Hoc|iPhone.ActiveCfg = Debug|x86
		{4807F2FE-AEA5-4594-8CC5-ECB9313CA914}.Ad-Hoc|iPhone.Build.0 = Debug|x86
		{4807F2FE-AEA5-4594-8CC5-ECB9313CA914}.Ad-Hoc|iPhone.Deploy.0 = Debug|x86
		{4807F2FE-AEA5-4594-8CC5-ECB9313CA914}.Ad-Hoc|iPhoneSimulator.ActiveCfg = Debug|x86
		{4807F2FE-AEA5-4594-8CC5-ECB9313CA914}.Ad-Hoc|iPhoneSimulator.Build.0 = Debug|x86
		{4807F2FE-AEA5-4594-8CC5-ECB9313CA914}.Ad-Hoc|iPhoneSimulator.Deploy.0 = Debug|x86
		{4807F2FE-AEA5-4594-8CC5-ECB9313CA914}.Ad-Hoc|x64.ActiveCfg = Debug|x64
		{4807F2FE-AEA5-4594-8CC5-ECB9313CA914}.Ad-Hoc|x64.Build.0 = Debug|x64
		{4807F2FE-AEA5-4594-8CC5-ECB9313CA914}.Ad-Hoc|x64.Deploy.0 = Debug|x64
		{4807F2FE-AEA5-4594-8CC5-ECB9313CA914}.Ad-Hoc|x86.ActiveCfg = Debug|x86
		{4807F2FE-AEA5-4594-8CC5-ECB9313CA914}.Ad-Hoc|x86.Build.0 = Debug|x86
		{4807F2FE-AEA5-4594-8CC5-ECB9313CA914}.Ad-Hoc|x86.Deploy.0 = Debug|x86
		{4807F2FE-AEA5-4594-8CC5-ECB9313CA914}.AppStore|Any CPU.ActiveCfg = Debug|x86
		{4807F2FE-AEA5-4594-8CC5-ECB9313CA914}.AppStore|Any CPU.Build.0 = Debug|x86
		{4807F2FE-AEA5-4594-8CC5-ECB9313CA914}.AppStore|Any CPU.Deploy.0 = Debug|x86
		{4807F2FE-AEA5-4594-8CC5-ECB9313CA914}.AppStore|ARM.ActiveCfg = Debug|ARM
		{4807F2FE-AEA5-4594-8CC5-ECB9313CA914}.AppStore|ARM.Build.0 = Debug|ARM
		{4807F2FE-AEA5-4594-8CC5-ECB9313CA914}.AppStore|ARM.Deploy.0 = Debug|ARM
		{4807F2FE-AEA5-4594-8CC5-ECB9313CA914}.AppStore|ARM64.ActiveCfg = Debug|ARM64
		{4807F2FE-AEA5-4594-8CC5-ECB9313CA914}.AppStore|ARM64.Build.0 = Debug|ARM64
		{4807F2FE-AEA5-4594-8CC5-ECB9313CA914}.AppStore|ARM64.Deploy.0 = Debug|ARM64
		{4807F2FE-AEA5-4594-8CC5-ECB9313CA914}.AppStore|iPhone.ActiveCfg = Debug|x86
		{4807F2FE-AEA5-4594-8CC5-ECB9313CA914}.AppStore|iPhone.Build.0 = Debug|x86
		{4807F2FE-AEA5-4594-8CC5-ECB9313CA914}.AppStore|iPhone.Deploy.0 = Debug|x86
		{4807F2FE-AEA5-4594-8CC5-ECB9313CA914}.AppStore|iPhoneSimulator.ActiveCfg = Debug|x86
		{4807F2FE-AEA5-4594-8CC5-ECB9313CA914}.AppStore|iPhoneSimulator.Build.0 = Debug|x86
		{4807F2FE-AEA5-4594-8CC5-ECB9313CA914}.AppStore|iPhoneSimulator.Deploy.0 = Debug|x86
		{4807F2FE-AEA5-4594-8CC5-ECB9313CA914}.AppStore|x64.ActiveCfg = Debug|x64
		{4807F2FE-AEA5-4594-8CC5-ECB9313CA914}.AppStore|x64.Build.0 = Debug|x64
		{4807F2FE-AEA5-4594-8CC5-ECB9313CA914}.AppStore|x64.Deploy.0 = Debug|x64
		{4807F2FE-AEA5-4594-8CC5-ECB9313CA914}.AppStore|x86.ActiveCfg = Debug|x86
		{4807F2FE-AEA5-4594-8CC5-ECB9313CA914}.AppStore|x86.Build.0 = Debug|x86
		{4807F2FE-AEA5-4594-8CC5-ECB9313CA914}.AppStore|x86.Deploy.0 = Debug|x86
		{4807F2FE-AEA5-4594-8CC5-ECB9313CA914}.Debug|Any CPU.ActiveCfg = Debug|x86
		{4807F2FE-AEA5-4594-8CC5-ECB9313CA914}.Debug|Any CPU.Build.0 = Debug|x86
		{4807F2FE-AEA5-4594-8CC5-ECB9313CA914}.Debug|Any CPU.Deploy.0 = Debug|x86
		{4807F2FE-AEA5-4594-8CC5-ECB9313CA914}.Debug|ARM.ActiveCfg = Debug|ARM
		{4807F2FE-AEA5-4594-8CC5-ECB9313CA914}.Debug|ARM.Build.0 = Debug|ARM
		{4807F2FE-AEA5-4594-8CC5-ECB9313CA914}.Debug|ARM.Deploy.0 = Debug|ARM
		{4807F2FE-AEA5-4594-8CC5-ECB9313CA914}.Debug|ARM64.ActiveCfg = Debug|ARM64
		{4807F2FE-AEA5-4594-8CC5-ECB9313CA914}.Debug|ARM64.Build.0 = Debug|ARM64
		{4807F2FE-AEA5-4594-8CC5-ECB9313CA914}.Debug|ARM64.Deploy.0 = Debug|ARM64
		{4807F2FE-AEA5-4594-8CC5-ECB9313CA914}.Debug|iPhone.ActiveCfg = Debug|x86
		{4807F2FE-AEA5-4594-8CC5-ECB9313CA914}.Debug|iPhoneSimulator.ActiveCfg = Debug|x86
		{4807F2FE-AEA5-4594-8CC5-ECB9313CA914}.Debug|x64.ActiveCfg = Debug|x64
		{4807F2FE-AEA5-4594-8CC5-ECB9313CA914}.Debug|x64.Build.0 = Debug|x64
		{4807F2FE-AEA5-4594-8CC5-ECB9313CA914}.Debug|x64.Deploy.0 = Debug|x64
		{4807F2FE-AEA5-4594-8CC5-ECB9313CA914}.Debug|x86.ActiveCfg = Debug|x86
		{4807F2FE-AEA5-4594-8CC5-ECB9313CA914}.Debug|x86.Build.0 = Debug|x86
		{4807F2FE-AEA5-4594-8CC5-ECB9313CA914}.Debug|x86.Deploy.0 = Debug|x86
		{4807F2FE-AEA5-4594-8CC5-ECB9313CA914}.Release|Any CPU.ActiveCfg = Release|x86
		{4807F2FE-AEA5-4594-8CC5-ECB9313CA914}.Release|ARM.ActiveCfg = Release|ARM
		{4807F2FE-AEA5-4594-8CC5-ECB9313CA914}.Release|ARM.Build.0 = Release|ARM
		{4807F2FE-AEA5-4594-8CC5-ECB9313CA914}.Release|ARM.Deploy.0 = Release|ARM
		{4807F2FE-AEA5-4594-8CC5-ECB9313CA914}.Release|ARM64.ActiveCfg = Release|ARM64
		{4807F2FE-AEA5-4594-8CC5-ECB9313CA914}.Release|ARM64.Build.0 = Release|ARM64
		{4807F2FE-AEA5-4594-8CC5-ECB9313CA914}.Release|ARM64.Deploy.0 = Release|ARM64
		{4807F2FE-AEA5-4594-8CC5-ECB9313CA914}.Release|iPhone.ActiveCfg = Release|x86
		{4807F2FE-AEA5-4594-8CC5-ECB9313CA914}.Release|iPhoneSimulator.ActiveCfg = Release|x86
		{4807F2FE-AEA5-4594-8CC5-ECB9313CA914}.Release|x64.ActiveCfg = Release|x64
		{4807F2FE-AEA5-4594-8CC5-ECB9313CA914}.Release|x64.Build.0 = Release|x64
		{4807F2FE-AEA5-4594-8CC5-ECB9313CA914}.Release|x64.Deploy.0 = Release|x64
		{4807F2FE-AEA5-4594-8CC5-ECB9313CA914}.Release|x86.ActiveCfg = Release|x86
		{4807F2FE-AEA5-4594-8CC5-ECB9313CA914}.Release|x86.Build.0 = Release|x86
		{4807F2FE-AEA5-4594-8CC5-ECB9313CA914}.Release|x86.Deploy.0 = Release|x86
		{5C7E6AB3-DE84-4F7A-A07C-43742CC356FF}.Ad-Hoc|Any CPU.ActiveCfg = Debug|Any CPU
		{5C7E6AB3-DE84-4F7A-A07C-43742CC356FF}.Ad-Hoc|Any CPU.Build.0 = Debug|Any CPU
		{5C7E6AB3-DE84-4F7A-A07C-43742CC356FF}.Ad-Hoc|ARM.ActiveCfg = Debug|Any CPU
		{5C7E6AB3-DE84-4F7A-A07C-43742CC356FF}.Ad-Hoc|ARM.Build.0 = Debug|Any CPU
		{5C7E6AB3-DE84-4F7A-A07C-43742CC356FF}.Ad-Hoc|ARM64.ActiveCfg = Debug|Any CPU
		{5C7E6AB3-DE84-4F7A-A07C-43742CC356FF}.Ad-Hoc|ARM64.Build.0 = Debug|Any CPU
		{5C7E6AB3-DE84-4F7A-A07C-43742CC356FF}.Ad-Hoc|iPhone.ActiveCfg = Debug|Any CPU
		{5C7E6AB3-DE84-4F7A-A07C-43742CC356FF}.Ad-Hoc|iPhone.Build.0 = Debug|Any CPU
		{5C7E6AB3-DE84-4F7A-A07C-43742CC356FF}.Ad-Hoc|iPhoneSimulator.ActiveCfg = Debug|Any CPU
		{5C7E6AB3-DE84-4F7A-A07C-43742CC356FF}.Ad-Hoc|iPhoneSimulator.Build.0 = Debug|Any CPU
		{5C7E6AB3-DE84-4F7A-A07C-43742CC356FF}.Ad-Hoc|x64.ActiveCfg = Debug|Any CPU
		{5C7E6AB3-DE84-4F7A-A07C-43742CC356FF}.Ad-Hoc|x64.Build.0 = Debug|Any CPU
		{5C7E6AB3-DE84-4F7A-A07C-43742CC356FF}.Ad-Hoc|x86.ActiveCfg = Debug|Any CPU
		{5C7E6AB3-DE84-4F7A-A07C-43742CC356FF}.Ad-Hoc|x86.Build.0 = Debug|Any CPU
		{5C7E6AB3-DE84-4F7A-A07C-43742CC356FF}.AppStore|Any CPU.ActiveCfg = Debug|Any CPU
		{5C7E6AB3-DE84-4F7A-A07C-43742CC356FF}.AppStore|Any CPU.Build.0 = Debug|Any CPU
		{5C7E6AB3-DE84-4F7A-A07C-43742CC356FF}.AppStore|ARM.ActiveCfg = Debug|Any CPU
		{5C7E6AB3-DE84-4F7A-A07C-43742CC356FF}.AppStore|ARM.Build.0 = Debug|Any CPU
		{5C7E6AB3-DE84-4F7A-A07C-43742CC356FF}.AppStore|ARM64.ActiveCfg = Debug|Any CPU
		{5C7E6AB3-DE84-4F7A-A07C-43742CC356FF}.AppStore|ARM64.Build.0 = Debug|Any CPU
		{5C7E6AB3-DE84-4F7A-A07C-43742CC356FF}.AppStore|iPhone.ActiveCfg = Debug|Any CPU
		{5C7E6AB3-DE84-4F7A-A07C-43742CC356FF}.AppStore|iPhone.Build.0 = Debug|Any CPU
		{5C7E6AB3-DE84-4F7A-A07C-43742CC356FF}.AppStore|iPhoneSimulator.ActiveCfg = Debug|Any CPU
		{5C7E6AB3-DE84-4F7A-A07C-43742CC356FF}.AppStore|iPhoneSimulator.Build.0 = Debug|Any CPU
		{5C7E6AB3-DE84-4F7A-A07C-43742CC356FF}.AppStore|x64.ActiveCfg = Debug|Any CPU
		{5C7E6AB3-DE84-4F7A-A07C-43742CC356FF}.AppStore|x64.Build.0 = Debug|Any CPU
		{5C7E6AB3-DE84-4F7A-A07C-43742CC356FF}.AppStore|x86.ActiveCfg = Debug|Any CPU
		{5C7E6AB3-DE84-4F7A-A07C-43742CC356FF}.AppStore|x86.Build.0 = Debug|Any CPU
		{5C7E6AB3-DE84-4F7A-A07C-43742CC356FF}.Debug|Any CPU.ActiveCfg = Debug|Any CPU
		{5C7E6AB3-DE84-4F7A-A07C-43742CC356FF}.Debug|Any CPU.Build.0 = Debug|Any CPU
		{5C7E6AB3-DE84-4F7A-A07C-43742CC356FF}.Debug|ARM.ActiveCfg = Debug|Any CPU
		{5C7E6AB3-DE84-4F7A-A07C-43742CC356FF}.Debug|ARM.Build.0 = Debug|Any CPU
		{5C7E6AB3-DE84-4F7A-A07C-43742CC356FF}.Debug|ARM64.ActiveCfg = Debug|Any CPU
		{5C7E6AB3-DE84-4F7A-A07C-43742CC356FF}.Debug|ARM64.Build.0 = Debug|Any CPU
		{5C7E6AB3-DE84-4F7A-A07C-43742CC356FF}.Debug|iPhone.ActiveCfg = Debug|Any CPU
		{5C7E6AB3-DE84-4F7A-A07C-43742CC356FF}.Debug|iPhone.Build.0 = Debug|Any CPU
		{5C7E6AB3-DE84-4F7A-A07C-43742CC356FF}.Debug|iPhoneSimulator.ActiveCfg = Debug|Any CPU
		{5C7E6AB3-DE84-4F7A-A07C-43742CC356FF}.Debug|iPhoneSimulator.Build.0 = Debug|Any CPU
		{5C7E6AB3-DE84-4F7A-A07C-43742CC356FF}.Debug|x64.ActiveCfg = Debug|Any CPU
		{5C7E6AB3-DE84-4F7A-A07C-43742CC356FF}.Debug|x64.Build.0 = Debug|Any CPU
		{5C7E6AB3-DE84-4F7A-A07C-43742CC356FF}.Debug|x86.ActiveCfg = Debug|Any CPU
		{5C7E6AB3-DE84-4F7A-A07C-43742CC356FF}.Debug|x86.Build.0 = Debug|Any CPU
		{5C7E6AB3-DE84-4F7A-A07C-43742CC356FF}.Release|Any CPU.ActiveCfg = Release|Any CPU
		{5C7E6AB3-DE84-4F7A-A07C-43742CC356FF}.Release|Any CPU.Build.0 = Release|Any CPU
		{5C7E6AB3-DE84-4F7A-A07C-43742CC356FF}.Release|ARM.ActiveCfg = Release|Any CPU
		{5C7E6AB3-DE84-4F7A-A07C-43742CC356FF}.Release|ARM.Build.0 = Release|Any CPU
		{5C7E6AB3-DE84-4F7A-A07C-43742CC356FF}.Release|ARM64.ActiveCfg = Release|Any CPU
		{5C7E6AB3-DE84-4F7A-A07C-43742CC356FF}.Release|ARM64.Build.0 = Release|Any CPU
		{5C7E6AB3-DE84-4F7A-A07C-43742CC356FF}.Release|iPhone.ActiveCfg = Release|Any CPU
		{5C7E6AB3-DE84-4F7A-A07C-43742CC356FF}.Release|iPhone.Build.0 = Release|Any CPU
		{5C7E6AB3-DE84-4F7A-A07C-43742CC356FF}.Release|iPhoneSimulator.ActiveCfg = Release|Any CPU
		{5C7E6AB3-DE84-4F7A-A07C-43742CC356FF}.Release|iPhoneSimulator.Build.0 = Release|Any CPU
		{5C7E6AB3-DE84-4F7A-A07C-43742CC356FF}.Release|x64.ActiveCfg = Release|Any CPU
		{5C7E6AB3-DE84-4F7A-A07C-43742CC356FF}.Release|x64.Build.0 = Release|Any CPU
		{5C7E6AB3-DE84-4F7A-A07C-43742CC356FF}.Release|x86.ActiveCfg = Release|Any CPU
		{5C7E6AB3-DE84-4F7A-A07C-43742CC356FF}.Release|x86.Build.0 = Release|Any CPU
		{306B6D21-036D-458A-85A5-B4142DAF470C}.Ad-Hoc|Any CPU.ActiveCfg = Debug|iPhoneSimulator
		{306B6D21-036D-458A-85A5-B4142DAF470C}.Ad-Hoc|Any CPU.Build.0 = Debug|iPhoneSimulator
		{306B6D21-036D-458A-85A5-B4142DAF470C}.Ad-Hoc|ARM.ActiveCfg = Debug|iPhoneSimulator
		{306B6D21-036D-458A-85A5-B4142DAF470C}.Ad-Hoc|ARM.Build.0 = Debug|iPhoneSimulator
		{306B6D21-036D-458A-85A5-B4142DAF470C}.Ad-Hoc|ARM64.ActiveCfg = Debug|iPhoneSimulator
		{306B6D21-036D-458A-85A5-B4142DAF470C}.Ad-Hoc|ARM64.Build.0 = Debug|iPhoneSimulator
		{306B6D21-036D-458A-85A5-B4142DAF470C}.Ad-Hoc|iPhone.ActiveCfg = Debug|iPhoneSimulator
		{306B6D21-036D-458A-85A5-B4142DAF470C}.Ad-Hoc|iPhone.Build.0 = Debug|iPhoneSimulator
		{306B6D21-036D-458A-85A5-B4142DAF470C}.Ad-Hoc|iPhoneSimulator.ActiveCfg = Debug|iPhoneSimulator
		{306B6D21-036D-458A-85A5-B4142DAF470C}.Ad-Hoc|iPhoneSimulator.Build.0 = Debug|iPhoneSimulator
		{306B6D21-036D-458A-85A5-B4142DAF470C}.Ad-Hoc|x64.ActiveCfg = Debug|iPhoneSimulator
		{306B6D21-036D-458A-85A5-B4142DAF470C}.Ad-Hoc|x64.Build.0 = Debug|iPhoneSimulator
		{306B6D21-036D-458A-85A5-B4142DAF470C}.Ad-Hoc|x86.ActiveCfg = Debug|iPhoneSimulator
		{306B6D21-036D-458A-85A5-B4142DAF470C}.Ad-Hoc|x86.Build.0 = Debug|iPhoneSimulator
		{306B6D21-036D-458A-85A5-B4142DAF470C}.AppStore|Any CPU.ActiveCfg = Debug|iPhoneSimulator
		{306B6D21-036D-458A-85A5-B4142DAF470C}.AppStore|Any CPU.Build.0 = Debug|iPhoneSimulator
		{306B6D21-036D-458A-85A5-B4142DAF470C}.AppStore|ARM.ActiveCfg = Debug|iPhoneSimulator
		{306B6D21-036D-458A-85A5-B4142DAF470C}.AppStore|ARM.Build.0 = Debug|iPhoneSimulator
		{306B6D21-036D-458A-85A5-B4142DAF470C}.AppStore|ARM64.ActiveCfg = Debug|iPhoneSimulator
		{306B6D21-036D-458A-85A5-B4142DAF470C}.AppStore|ARM64.Build.0 = Debug|iPhoneSimulator
		{306B6D21-036D-458A-85A5-B4142DAF470C}.AppStore|iPhone.ActiveCfg = Debug|iPhoneSimulator
		{306B6D21-036D-458A-85A5-B4142DAF470C}.AppStore|iPhone.Build.0 = Debug|iPhoneSimulator
		{306B6D21-036D-458A-85A5-B4142DAF470C}.AppStore|iPhoneSimulator.ActiveCfg = Debug|iPhoneSimulator
		{306B6D21-036D-458A-85A5-B4142DAF470C}.AppStore|iPhoneSimulator.Build.0 = Debug|iPhoneSimulator
		{306B6D21-036D-458A-85A5-B4142DAF470C}.AppStore|x64.ActiveCfg = Debug|iPhoneSimulator
		{306B6D21-036D-458A-85A5-B4142DAF470C}.AppStore|x64.Build.0 = Debug|iPhoneSimulator
		{306B6D21-036D-458A-85A5-B4142DAF470C}.AppStore|x86.ActiveCfg = Debug|iPhoneSimulator
		{306B6D21-036D-458A-85A5-B4142DAF470C}.AppStore|x86.Build.0 = Debug|iPhoneSimulator
		{306B6D21-036D-458A-85A5-B4142DAF470C}.Debug|Any CPU.ActiveCfg = Debug|iPhoneSimulator
		{306B6D21-036D-458A-85A5-B4142DAF470C}.Debug|ARM.ActiveCfg = Debug|iPhoneSimulator
		{306B6D21-036D-458A-85A5-B4142DAF470C}.Debug|ARM64.ActiveCfg = Debug|iPhoneSimulator
		{306B6D21-036D-458A-85A5-B4142DAF470C}.Debug|iPhone.ActiveCfg = Debug|iPhoneSimulator
		{306B6D21-036D-458A-85A5-B4142DAF470C}.Debug|iPhoneSimulator.ActiveCfg = Debug|iPhoneSimulator
		{306B6D21-036D-458A-85A5-B4142DAF470C}.Debug|iPhoneSimulator.Build.0 = Debug|iPhoneSimulator
		{306B6D21-036D-458A-85A5-B4142DAF470C}.Debug|x64.ActiveCfg = Debug|iPhoneSimulator
		{306B6D21-036D-458A-85A5-B4142DAF470C}.Debug|x86.ActiveCfg = Debug|iPhoneSimulator
		{306B6D21-036D-458A-85A5-B4142DAF470C}.Release|Any CPU.ActiveCfg = Release|iPhoneSimulator
		{306B6D21-036D-458A-85A5-B4142DAF470C}.Release|ARM.ActiveCfg = Release|iPhoneSimulator
		{306B6D21-036D-458A-85A5-B4142DAF470C}.Release|ARM64.ActiveCfg = Release|iPhoneSimulator
		{306B6D21-036D-458A-85A5-B4142DAF470C}.Release|iPhone.ActiveCfg = Release|iPhoneSimulator
		{306B6D21-036D-458A-85A5-B4142DAF470C}.Release|iPhoneSimulator.ActiveCfg = Release|iPhoneSimulator
		{306B6D21-036D-458A-85A5-B4142DAF470C}.Release|iPhoneSimulator.Build.0 = Release|iPhoneSimulator
		{306B6D21-036D-458A-85A5-B4142DAF470C}.Release|x64.ActiveCfg = Release|iPhoneSimulator
		{306B6D21-036D-458A-85A5-B4142DAF470C}.Release|x86.ActiveCfg = Release|iPhoneSimulator
		{2E5B57D6-5B81-45A5-9317-D4CCB0EAFB44}.Ad-Hoc|Any CPU.ActiveCfg = Debug|Any CPU
		{2E5B57D6-5B81-45A5-9317-D4CCB0EAFB44}.Ad-Hoc|Any CPU.Build.0 = Debug|Any CPU
		{2E5B57D6-5B81-45A5-9317-D4CCB0EAFB44}.Ad-Hoc|ARM.ActiveCfg = Debug|Any CPU
		{2E5B57D6-5B81-45A5-9317-D4CCB0EAFB44}.Ad-Hoc|ARM.Build.0 = Debug|Any CPU
		{2E5B57D6-5B81-45A5-9317-D4CCB0EAFB44}.Ad-Hoc|ARM64.ActiveCfg = Debug|Any CPU
		{2E5B57D6-5B81-45A5-9317-D4CCB0EAFB44}.Ad-Hoc|ARM64.Build.0 = Debug|Any CPU
		{2E5B57D6-5B81-45A5-9317-D4CCB0EAFB44}.Ad-Hoc|iPhone.ActiveCfg = Debug|Any CPU
		{2E5B57D6-5B81-45A5-9317-D4CCB0EAFB44}.Ad-Hoc|iPhone.Build.0 = Debug|Any CPU
		{2E5B57D6-5B81-45A5-9317-D4CCB0EAFB44}.Ad-Hoc|iPhoneSimulator.ActiveCfg = Debug|Any CPU
		{2E5B57D6-5B81-45A5-9317-D4CCB0EAFB44}.Ad-Hoc|iPhoneSimulator.Build.0 = Debug|Any CPU
		{2E5B57D6-5B81-45A5-9317-D4CCB0EAFB44}.Ad-Hoc|x64.ActiveCfg = Debug|Any CPU
		{2E5B57D6-5B81-45A5-9317-D4CCB0EAFB44}.Ad-Hoc|x64.Build.0 = Debug|Any CPU
		{2E5B57D6-5B81-45A5-9317-D4CCB0EAFB44}.Ad-Hoc|x86.ActiveCfg = Debug|Any CPU
		{2E5B57D6-5B81-45A5-9317-D4CCB0EAFB44}.Ad-Hoc|x86.Build.0 = Debug|Any CPU
		{2E5B57D6-5B81-45A5-9317-D4CCB0EAFB44}.AppStore|Any CPU.ActiveCfg = Debug|Any CPU
		{2E5B57D6-5B81-45A5-9317-D4CCB0EAFB44}.AppStore|Any CPU.Build.0 = Debug|Any CPU
		{2E5B57D6-5B81-45A5-9317-D4CCB0EAFB44}.AppStore|ARM.ActiveCfg = Debug|Any CPU
		{2E5B57D6-5B81-45A5-9317-D4CCB0EAFB44}.AppStore|ARM.Build.0 = Debug|Any CPU
		{2E5B57D6-5B81-45A5-9317-D4CCB0EAFB44}.AppStore|ARM64.ActiveCfg = Debug|Any CPU
		{2E5B57D6-5B81-45A5-9317-D4CCB0EAFB44}.AppStore|ARM64.Build.0 = Debug|Any CPU
		{2E5B57D6-5B81-45A5-9317-D4CCB0EAFB44}.AppStore|iPhone.ActiveCfg = Debug|Any CPU
		{2E5B57D6-5B81-45A5-9317-D4CCB0EAFB44}.AppStore|iPhone.Build.0 = Debug|Any CPU
		{2E5B57D6-5B81-45A5-9317-D4CCB0EAFB44}.AppStore|iPhoneSimulator.ActiveCfg = Debug|Any CPU
		{2E5B57D6-5B81-45A5-9317-D4CCB0EAFB44}.AppStore|iPhoneSimulator.Build.0 = Debug|Any CPU
		{2E5B57D6-5B81-45A5-9317-D4CCB0EAFB44}.AppStore|x64.ActiveCfg = Debug|Any CPU
		{2E5B57D6-5B81-45A5-9317-D4CCB0EAFB44}.AppStore|x64.Build.0 = Debug|Any CPU
		{2E5B57D6-5B81-45A5-9317-D4CCB0EAFB44}.AppStore|x86.ActiveCfg = Debug|Any CPU
		{2E5B57D6-5B81-45A5-9317-D4CCB0EAFB44}.AppStore|x86.Build.0 = Debug|Any CPU
		{2E5B57D6-5B81-45A5-9317-D4CCB0EAFB44}.Debug|Any CPU.ActiveCfg = Debug|Any CPU
		{2E5B57D6-5B81-45A5-9317-D4CCB0EAFB44}.Debug|Any CPU.Build.0 = Debug|Any CPU
		{2E5B57D6-5B81-45A5-9317-D4CCB0EAFB44}.Debug|ARM.ActiveCfg = Debug|Any CPU
		{2E5B57D6-5B81-45A5-9317-D4CCB0EAFB44}.Debug|ARM.Build.0 = Debug|Any CPU
		{2E5B57D6-5B81-45A5-9317-D4CCB0EAFB44}.Debug|ARM64.ActiveCfg = Debug|Any CPU
		{2E5B57D6-5B81-45A5-9317-D4CCB0EAFB44}.Debug|ARM64.Build.0 = Debug|Any CPU
		{2E5B57D6-5B81-45A5-9317-D4CCB0EAFB44}.Debug|iPhone.ActiveCfg = Debug|Any CPU
		{2E5B57D6-5B81-45A5-9317-D4CCB0EAFB44}.Debug|iPhone.Build.0 = Debug|Any CPU
		{2E5B57D6-5B81-45A5-9317-D4CCB0EAFB44}.Debug|iPhoneSimulator.ActiveCfg = Debug|Any CPU
		{2E5B57D6-5B81-45A5-9317-D4CCB0EAFB44}.Debug|iPhoneSimulator.Build.0 = Debug|Any CPU
		{2E5B57D6-5B81-45A5-9317-D4CCB0EAFB44}.Debug|x64.ActiveCfg = Debug|Any CPU
		{2E5B57D6-5B81-45A5-9317-D4CCB0EAFB44}.Debug|x64.Build.0 = Debug|Any CPU
		{2E5B57D6-5B81-45A5-9317-D4CCB0EAFB44}.Debug|x86.ActiveCfg = Debug|Any CPU
		{2E5B57D6-5B81-45A5-9317-D4CCB0EAFB44}.Debug|x86.Build.0 = Debug|Any CPU
		{2E5B57D6-5B81-45A5-9317-D4CCB0EAFB44}.Release|Any CPU.ActiveCfg = Release|Any CPU
		{2E5B57D6-5B81-45A5-9317-D4CCB0EAFB44}.Release|Any CPU.Build.0 = Release|Any CPU
		{2E5B57D6-5B81-45A5-9317-D4CCB0EAFB44}.Release|ARM.ActiveCfg = Release|Any CPU
		{2E5B57D6-5B81-45A5-9317-D4CCB0EAFB44}.Release|ARM.Build.0 = Release|Any CPU
		{2E5B57D6-5B81-45A5-9317-D4CCB0EAFB44}.Release|ARM64.ActiveCfg = Release|Any CPU
		{2E5B57D6-5B81-45A5-9317-D4CCB0EAFB44}.Release|ARM64.Build.0 = Release|Any CPU
		{2E5B57D6-5B81-45A5-9317-D4CCB0EAFB44}.Release|iPhone.ActiveCfg = Release|Any CPU
		{2E5B57D6-5B81-45A5-9317-D4CCB0EAFB44}.Release|iPhone.Build.0 = Release|Any CPU
		{2E5B57D6-5B81-45A5-9317-D4CCB0EAFB44}.Release|iPhoneSimulator.ActiveCfg = Release|Any CPU
		{2E5B57D6-5B81-45A5-9317-D4CCB0EAFB44}.Release|iPhoneSimulator.Build.0 = Release|Any CPU
		{2E5B57D6-5B81-45A5-9317-D4CCB0EAFB44}.Release|x64.ActiveCfg = Release|Any CPU
		{2E5B57D6-5B81-45A5-9317-D4CCB0EAFB44}.Release|x64.Build.0 = Release|Any CPU
		{2E5B57D6-5B81-45A5-9317-D4CCB0EAFB44}.Release|x86.ActiveCfg = Release|Any CPU
		{2E5B57D6-5B81-45A5-9317-D4CCB0EAFB44}.Release|x86.Build.0 = Release|Any CPU
		{F92FF48B-7AC7-4158-8CC9-B40FE8AF4716}.Ad-Hoc|Any CPU.ActiveCfg = Debug|Any CPU
		{F92FF48B-7AC7-4158-8CC9-B40FE8AF4716}.Ad-Hoc|Any CPU.Build.0 = Debug|Any CPU
		{F92FF48B-7AC7-4158-8CC9-B40FE8AF4716}.Ad-Hoc|ARM.ActiveCfg = Debug|Any CPU
		{F92FF48B-7AC7-4158-8CC9-B40FE8AF4716}.Ad-Hoc|ARM.Build.0 = Debug|Any CPU
		{F92FF48B-7AC7-4158-8CC9-B40FE8AF4716}.Ad-Hoc|ARM64.ActiveCfg = Debug|Any CPU
		{F92FF48B-7AC7-4158-8CC9-B40FE8AF4716}.Ad-Hoc|ARM64.Build.0 = Debug|Any CPU
		{F92FF48B-7AC7-4158-8CC9-B40FE8AF4716}.Ad-Hoc|iPhone.ActiveCfg = Debug|Any CPU
		{F92FF48B-7AC7-4158-8CC9-B40FE8AF4716}.Ad-Hoc|iPhone.Build.0 = Debug|Any CPU
		{F92FF48B-7AC7-4158-8CC9-B40FE8AF4716}.Ad-Hoc|iPhoneSimulator.ActiveCfg = Debug|Any CPU
		{F92FF48B-7AC7-4158-8CC9-B40FE8AF4716}.Ad-Hoc|iPhoneSimulator.Build.0 = Debug|Any CPU
		{F92FF48B-7AC7-4158-8CC9-B40FE8AF4716}.Ad-Hoc|x64.ActiveCfg = Debug|Any CPU
		{F92FF48B-7AC7-4158-8CC9-B40FE8AF4716}.Ad-Hoc|x64.Build.0 = Debug|Any CPU
		{F92FF48B-7AC7-4158-8CC9-B40FE8AF4716}.Ad-Hoc|x86.ActiveCfg = Debug|Any CPU
		{F92FF48B-7AC7-4158-8CC9-B40FE8AF4716}.Ad-Hoc|x86.Build.0 = Debug|Any CPU
		{F92FF48B-7AC7-4158-8CC9-B40FE8AF4716}.AppStore|Any CPU.ActiveCfg = Debug|Any CPU
		{F92FF48B-7AC7-4158-8CC9-B40FE8AF4716}.AppStore|Any CPU.Build.0 = Debug|Any CPU
		{F92FF48B-7AC7-4158-8CC9-B40FE8AF4716}.AppStore|ARM.ActiveCfg = Debug|Any CPU
		{F92FF48B-7AC7-4158-8CC9-B40FE8AF4716}.AppStore|ARM.Build.0 = Debug|Any CPU
		{F92FF48B-7AC7-4158-8CC9-B40FE8AF4716}.AppStore|ARM64.ActiveCfg = Debug|Any CPU
		{F92FF48B-7AC7-4158-8CC9-B40FE8AF4716}.AppStore|ARM64.Build.0 = Debug|Any CPU
		{F92FF48B-7AC7-4158-8CC9-B40FE8AF4716}.AppStore|iPhone.ActiveCfg = Debug|Any CPU
		{F92FF48B-7AC7-4158-8CC9-B40FE8AF4716}.AppStore|iPhone.Build.0 = Debug|Any CPU
		{F92FF48B-7AC7-4158-8CC9-B40FE8AF4716}.AppStore|iPhoneSimulator.ActiveCfg = Debug|Any CPU
		{F92FF48B-7AC7-4158-8CC9-B40FE8AF4716}.AppStore|iPhoneSimulator.Build.0 = Debug|Any CPU
		{F92FF48B-7AC7-4158-8CC9-B40FE8AF4716}.AppStore|x64.ActiveCfg = Debug|Any CPU
		{F92FF48B-7AC7-4158-8CC9-B40FE8AF4716}.AppStore|x64.Build.0 = Debug|Any CPU
		{F92FF48B-7AC7-4158-8CC9-B40FE8AF4716}.AppStore|x86.ActiveCfg = Debug|Any CPU
		{F92FF48B-7AC7-4158-8CC9-B40FE8AF4716}.AppStore|x86.Build.0 = Debug|Any CPU
		{F92FF48B-7AC7-4158-8CC9-B40FE8AF4716}.Debug|Any CPU.ActiveCfg = Debug|Any CPU
		{F92FF48B-7AC7-4158-8CC9-B40FE8AF4716}.Debug|Any CPU.Build.0 = Debug|Any CPU
		{F92FF48B-7AC7-4158-8CC9-B40FE8AF4716}.Debug|ARM.ActiveCfg = Debug|Any CPU
		{F92FF48B-7AC7-4158-8CC9-B40FE8AF4716}.Debug|ARM.Build.0 = Debug|Any CPU
		{F92FF48B-7AC7-4158-8CC9-B40FE8AF4716}.Debug|ARM64.ActiveCfg = Debug|Any CPU
		{F92FF48B-7AC7-4158-8CC9-B40FE8AF4716}.Debug|ARM64.Build.0 = Debug|Any CPU
		{F92FF48B-7AC7-4158-8CC9-B40FE8AF4716}.Debug|iPhone.ActiveCfg = Debug|Any CPU
		{F92FF48B-7AC7-4158-8CC9-B40FE8AF4716}.Debug|iPhone.Build.0 = Debug|Any CPU
		{F92FF48B-7AC7-4158-8CC9-B40FE8AF4716}.Debug|iPhoneSimulator.ActiveCfg = Debug|Any CPU
		{F92FF48B-7AC7-4158-8CC9-B40FE8AF4716}.Debug|iPhoneSimulator.Build.0 = Debug|Any CPU
		{F92FF48B-7AC7-4158-8CC9-B40FE8AF4716}.Debug|x64.ActiveCfg = Debug|Any CPU
		{F92FF48B-7AC7-4158-8CC9-B40FE8AF4716}.Debug|x64.Build.0 = Debug|Any CPU
		{F92FF48B-7AC7-4158-8CC9-B40FE8AF4716}.Debug|x86.ActiveCfg = Debug|Any CPU
		{F92FF48B-7AC7-4158-8CC9-B40FE8AF4716}.Debug|x86.Build.0 = Debug|Any CPU
		{F92FF48B-7AC7-4158-8CC9-B40FE8AF4716}.Release|Any CPU.ActiveCfg = Release|Any CPU
		{F92FF48B-7AC7-4158-8CC9-B40FE8AF4716}.Release|Any CPU.Build.0 = Release|Any CPU
		{F92FF48B-7AC7-4158-8CC9-B40FE8AF4716}.Release|ARM.ActiveCfg = Release|Any CPU
		{F92FF48B-7AC7-4158-8CC9-B40FE8AF4716}.Release|ARM.Build.0 = Release|Any CPU
		{F92FF48B-7AC7-4158-8CC9-B40FE8AF4716}.Release|ARM64.ActiveCfg = Release|Any CPU
		{F92FF48B-7AC7-4158-8CC9-B40FE8AF4716}.Release|ARM64.Build.0 = Release|Any CPU
		{F92FF48B-7AC7-4158-8CC9-B40FE8AF4716}.Release|iPhone.ActiveCfg = Release|Any CPU
		{F92FF48B-7AC7-4158-8CC9-B40FE8AF4716}.Release|iPhone.Build.0 = Release|Any CPU
		{F92FF48B-7AC7-4158-8CC9-B40FE8AF4716}.Release|iPhoneSimulator.ActiveCfg = Release|Any CPU
		{F92FF48B-7AC7-4158-8CC9-B40FE8AF4716}.Release|iPhoneSimulator.Build.0 = Release|Any CPU
		{F92FF48B-7AC7-4158-8CC9-B40FE8AF4716}.Release|x64.ActiveCfg = Release|Any CPU
		{F92FF48B-7AC7-4158-8CC9-B40FE8AF4716}.Release|x64.Build.0 = Release|Any CPU
		{F92FF48B-7AC7-4158-8CC9-B40FE8AF4716}.Release|x86.ActiveCfg = Release|Any CPU
		{F92FF48B-7AC7-4158-8CC9-B40FE8AF4716}.Release|x86.Build.0 = Release|Any CPU
		{DB2E9D59-31A9-4F14-B8D8-EB877334DC4F}.Ad-Hoc|Any CPU.ActiveCfg = Debug|Any CPU
		{DB2E9D59-31A9-4F14-B8D8-EB877334DC4F}.Ad-Hoc|Any CPU.Build.0 = Debug|Any CPU
		{DB2E9D59-31A9-4F14-B8D8-EB877334DC4F}.Ad-Hoc|ARM.ActiveCfg = Debug|Any CPU
		{DB2E9D59-31A9-4F14-B8D8-EB877334DC4F}.Ad-Hoc|ARM.Build.0 = Debug|Any CPU
		{DB2E9D59-31A9-4F14-B8D8-EB877334DC4F}.Ad-Hoc|ARM64.ActiveCfg = Debug|Any CPU
		{DB2E9D59-31A9-4F14-B8D8-EB877334DC4F}.Ad-Hoc|ARM64.Build.0 = Debug|Any CPU
		{DB2E9D59-31A9-4F14-B8D8-EB877334DC4F}.Ad-Hoc|iPhone.ActiveCfg = Debug|Any CPU
		{DB2E9D59-31A9-4F14-B8D8-EB877334DC4F}.Ad-Hoc|iPhone.Build.0 = Debug|Any CPU
		{DB2E9D59-31A9-4F14-B8D8-EB877334DC4F}.Ad-Hoc|iPhoneSimulator.ActiveCfg = Debug|Any CPU
		{DB2E9D59-31A9-4F14-B8D8-EB877334DC4F}.Ad-Hoc|iPhoneSimulator.Build.0 = Debug|Any CPU
		{DB2E9D59-31A9-4F14-B8D8-EB877334DC4F}.Ad-Hoc|x64.ActiveCfg = Debug|Any CPU
		{DB2E9D59-31A9-4F14-B8D8-EB877334DC4F}.Ad-Hoc|x64.Build.0 = Debug|Any CPU
		{DB2E9D59-31A9-4F14-B8D8-EB877334DC4F}.Ad-Hoc|x86.ActiveCfg = Debug|Any CPU
		{DB2E9D59-31A9-4F14-B8D8-EB877334DC4F}.Ad-Hoc|x86.Build.0 = Debug|Any CPU
		{DB2E9D59-31A9-4F14-B8D8-EB877334DC4F}.AppStore|Any CPU.ActiveCfg = Debug|Any CPU
		{DB2E9D59-31A9-4F14-B8D8-EB877334DC4F}.AppStore|Any CPU.Build.0 = Debug|Any CPU
		{DB2E9D59-31A9-4F14-B8D8-EB877334DC4F}.AppStore|ARM.ActiveCfg = Debug|Any CPU
		{DB2E9D59-31A9-4F14-B8D8-EB877334DC4F}.AppStore|ARM.Build.0 = Debug|Any CPU
		{DB2E9D59-31A9-4F14-B8D8-EB877334DC4F}.AppStore|ARM64.ActiveCfg = Debug|Any CPU
		{DB2E9D59-31A9-4F14-B8D8-EB877334DC4F}.AppStore|ARM64.Build.0 = Debug|Any CPU
		{DB2E9D59-31A9-4F14-B8D8-EB877334DC4F}.AppStore|iPhone.ActiveCfg = Debug|Any CPU
		{DB2E9D59-31A9-4F14-B8D8-EB877334DC4F}.AppStore|iPhone.Build.0 = Debug|Any CPU
		{DB2E9D59-31A9-4F14-B8D8-EB877334DC4F}.AppStore|iPhoneSimulator.ActiveCfg = Debug|Any CPU
		{DB2E9D59-31A9-4F14-B8D8-EB877334DC4F}.AppStore|iPhoneSimulator.Build.0 = Debug|Any CPU
		{DB2E9D59-31A9-4F14-B8D8-EB877334DC4F}.AppStore|x64.ActiveCfg = Debug|Any CPU
		{DB2E9D59-31A9-4F14-B8D8-EB877334DC4F}.AppStore|x64.Build.0 = Debug|Any CPU
		{DB2E9D59-31A9-4F14-B8D8-EB877334DC4F}.AppStore|x86.ActiveCfg = Debug|Any CPU
		{DB2E9D59-31A9-4F14-B8D8-EB877334DC4F}.AppStore|x86.Build.0 = Debug|Any CPU
		{DB2E9D59-31A9-4F14-B8D8-EB877334DC4F}.Debug|Any CPU.ActiveCfg = Debug|Any CPU
		{DB2E9D59-31A9-4F14-B8D8-EB877334DC4F}.Debug|Any CPU.Build.0 = Debug|Any CPU
		{DB2E9D59-31A9-4F14-B8D8-EB877334DC4F}.Debug|ARM.ActiveCfg = Debug|Any CPU
		{DB2E9D59-31A9-4F14-B8D8-EB877334DC4F}.Debug|ARM.Build.0 = Debug|Any CPU
		{DB2E9D59-31A9-4F14-B8D8-EB877334DC4F}.Debug|ARM64.ActiveCfg = Debug|Any CPU
		{DB2E9D59-31A9-4F14-B8D8-EB877334DC4F}.Debug|ARM64.Build.0 = Debug|Any CPU
		{DB2E9D59-31A9-4F14-B8D8-EB877334DC4F}.Debug|iPhone.ActiveCfg = Debug|Any CPU
		{DB2E9D59-31A9-4F14-B8D8-EB877334DC4F}.Debug|iPhone.Build.0 = Debug|Any CPU
		{DB2E9D59-31A9-4F14-B8D8-EB877334DC4F}.Debug|iPhoneSimulator.ActiveCfg = Debug|Any CPU
		{DB2E9D59-31A9-4F14-B8D8-EB877334DC4F}.Debug|iPhoneSimulator.Build.0 = Debug|Any CPU
		{DB2E9D59-31A9-4F14-B8D8-EB877334DC4F}.Debug|x64.ActiveCfg = Debug|Any CPU
		{DB2E9D59-31A9-4F14-B8D8-EB877334DC4F}.Debug|x64.Build.0 = Debug|Any CPU
		{DB2E9D59-31A9-4F14-B8D8-EB877334DC4F}.Debug|x86.ActiveCfg = Debug|Any CPU
		{DB2E9D59-31A9-4F14-B8D8-EB877334DC4F}.Debug|x86.Build.0 = Debug|Any CPU
		{DB2E9D59-31A9-4F14-B8D8-EB877334DC4F}.Release|Any CPU.ActiveCfg = Release|Any CPU
		{DB2E9D59-31A9-4F14-B8D8-EB877334DC4F}.Release|Any CPU.Build.0 = Release|Any CPU
		{DB2E9D59-31A9-4F14-B8D8-EB877334DC4F}.Release|ARM.ActiveCfg = Release|Any CPU
		{DB2E9D59-31A9-4F14-B8D8-EB877334DC4F}.Release|ARM.Build.0 = Release|Any CPU
		{DB2E9D59-31A9-4F14-B8D8-EB877334DC4F}.Release|ARM64.ActiveCfg = Release|Any CPU
		{DB2E9D59-31A9-4F14-B8D8-EB877334DC4F}.Release|ARM64.Build.0 = Release|Any CPU
		{DB2E9D59-31A9-4F14-B8D8-EB877334DC4F}.Release|iPhone.ActiveCfg = Release|Any CPU
		{DB2E9D59-31A9-4F14-B8D8-EB877334DC4F}.Release|iPhone.Build.0 = Release|Any CPU
		{DB2E9D59-31A9-4F14-B8D8-EB877334DC4F}.Release|iPhoneSimulator.ActiveCfg = Release|Any CPU
		{DB2E9D59-31A9-4F14-B8D8-EB877334DC4F}.Release|iPhoneSimulator.Build.0 = Release|Any CPU
		{DB2E9D59-31A9-4F14-B8D8-EB877334DC4F}.Release|x64.ActiveCfg = Release|Any CPU
		{DB2E9D59-31A9-4F14-B8D8-EB877334DC4F}.Release|x64.Build.0 = Release|Any CPU
		{DB2E9D59-31A9-4F14-B8D8-EB877334DC4F}.Release|x86.ActiveCfg = Release|Any CPU
		{DB2E9D59-31A9-4F14-B8D8-EB877334DC4F}.Release|x86.Build.0 = Release|Any CPU
		{64B224EA-0302-4DF1-A832-86D268C2FB54}.Ad-Hoc|Any CPU.ActiveCfg = Debug|Any CPU
		{64B224EA-0302-4DF1-A832-86D268C2FB54}.Ad-Hoc|Any CPU.Build.0 = Debug|Any CPU
		{64B224EA-0302-4DF1-A832-86D268C2FB54}.Ad-Hoc|ARM.ActiveCfg = Debug|Any CPU
		{64B224EA-0302-4DF1-A832-86D268C2FB54}.Ad-Hoc|ARM.Build.0 = Debug|Any CPU
		{64B224EA-0302-4DF1-A832-86D268C2FB54}.Ad-Hoc|ARM64.ActiveCfg = Debug|Any CPU
		{64B224EA-0302-4DF1-A832-86D268C2FB54}.Ad-Hoc|ARM64.Build.0 = Debug|Any CPU
		{64B224EA-0302-4DF1-A832-86D268C2FB54}.Ad-Hoc|iPhone.ActiveCfg = Debug|Any CPU
		{64B224EA-0302-4DF1-A832-86D268C2FB54}.Ad-Hoc|iPhone.Build.0 = Debug|Any CPU
		{64B224EA-0302-4DF1-A832-86D268C2FB54}.Ad-Hoc|iPhoneSimulator.ActiveCfg = Debug|Any CPU
		{64B224EA-0302-4DF1-A832-86D268C2FB54}.Ad-Hoc|iPhoneSimulator.Build.0 = Debug|Any CPU
		{64B224EA-0302-4DF1-A832-86D268C2FB54}.Ad-Hoc|x64.ActiveCfg = Debug|Any CPU
		{64B224EA-0302-4DF1-A832-86D268C2FB54}.Ad-Hoc|x64.Build.0 = Debug|Any CPU
		{64B224EA-0302-4DF1-A832-86D268C2FB54}.Ad-Hoc|x86.ActiveCfg = Debug|Any CPU
		{64B224EA-0302-4DF1-A832-86D268C2FB54}.Ad-Hoc|x86.Build.0 = Debug|Any CPU
		{64B224EA-0302-4DF1-A832-86D268C2FB54}.AppStore|Any CPU.ActiveCfg = Debug|Any CPU
		{64B224EA-0302-4DF1-A832-86D268C2FB54}.AppStore|Any CPU.Build.0 = Debug|Any CPU
		{64B224EA-0302-4DF1-A832-86D268C2FB54}.AppStore|ARM.ActiveCfg = Debug|Any CPU
		{64B224EA-0302-4DF1-A832-86D268C2FB54}.AppStore|ARM.Build.0 = Debug|Any CPU
		{64B224EA-0302-4DF1-A832-86D268C2FB54}.AppStore|ARM64.ActiveCfg = Debug|Any CPU
		{64B224EA-0302-4DF1-A832-86D268C2FB54}.AppStore|ARM64.Build.0 = Debug|Any CPU
		{64B224EA-0302-4DF1-A832-86D268C2FB54}.AppStore|iPhone.ActiveCfg = Debug|Any CPU
		{64B224EA-0302-4DF1-A832-86D268C2FB54}.AppStore|iPhone.Build.0 = Debug|Any CPU
		{64B224EA-0302-4DF1-A832-86D268C2FB54}.AppStore|iPhoneSimulator.ActiveCfg = Debug|Any CPU
		{64B224EA-0302-4DF1-A832-86D268C2FB54}.AppStore|iPhoneSimulator.Build.0 = Debug|Any CPU
		{64B224EA-0302-4DF1-A832-86D268C2FB54}.AppStore|x64.ActiveCfg = Debug|Any CPU
		{64B224EA-0302-4DF1-A832-86D268C2FB54}.AppStore|x64.Build.0 = Debug|Any CPU
		{64B224EA-0302-4DF1-A832-86D268C2FB54}.AppStore|x86.ActiveCfg = Debug|Any CPU
		{64B224EA-0302-4DF1-A832-86D268C2FB54}.AppStore|x86.Build.0 = Debug|Any CPU
		{64B224EA-0302-4DF1-A832-86D268C2FB54}.Debug|Any CPU.ActiveCfg = Debug|Any CPU
		{64B224EA-0302-4DF1-A832-86D268C2FB54}.Debug|Any CPU.Build.0 = Debug|Any CPU
		{64B224EA-0302-4DF1-A832-86D268C2FB54}.Debug|ARM.ActiveCfg = Debug|Any CPU
		{64B224EA-0302-4DF1-A832-86D268C2FB54}.Debug|ARM.Build.0 = Debug|Any CPU
		{64B224EA-0302-4DF1-A832-86D268C2FB54}.Debug|ARM64.ActiveCfg = Debug|Any CPU
		{64B224EA-0302-4DF1-A832-86D268C2FB54}.Debug|ARM64.Build.0 = Debug|Any CPU
		{64B224EA-0302-4DF1-A832-86D268C2FB54}.Debug|iPhone.ActiveCfg = Debug|Any CPU
		{64B224EA-0302-4DF1-A832-86D268C2FB54}.Debug|iPhone.Build.0 = Debug|Any CPU
		{64B224EA-0302-4DF1-A832-86D268C2FB54}.Debug|iPhoneSimulator.ActiveCfg = Debug|Any CPU
		{64B224EA-0302-4DF1-A832-86D268C2FB54}.Debug|iPhoneSimulator.Build.0 = Debug|Any CPU
		{64B224EA-0302-4DF1-A832-86D268C2FB54}.Debug|x64.ActiveCfg = Debug|Any CPU
		{64B224EA-0302-4DF1-A832-86D268C2FB54}.Debug|x64.Build.0 = Debug|Any CPU
		{64B224EA-0302-4DF1-A832-86D268C2FB54}.Debug|x86.ActiveCfg = Debug|Any CPU
		{64B224EA-0302-4DF1-A832-86D268C2FB54}.Debug|x86.Build.0 = Debug|Any CPU
		{64B224EA-0302-4DF1-A832-86D268C2FB54}.Release|Any CPU.ActiveCfg = Release|Any CPU
		{64B224EA-0302-4DF1-A832-86D268C2FB54}.Release|Any CPU.Build.0 = Release|Any CPU
		{64B224EA-0302-4DF1-A832-86D268C2FB54}.Release|ARM.ActiveCfg = Release|Any CPU
		{64B224EA-0302-4DF1-A832-86D268C2FB54}.Release|ARM.Build.0 = Release|Any CPU
		{64B224EA-0302-4DF1-A832-86D268C2FB54}.Release|ARM64.ActiveCfg = Release|Any CPU
		{64B224EA-0302-4DF1-A832-86D268C2FB54}.Release|ARM64.Build.0 = Release|Any CPU
		{64B224EA-0302-4DF1-A832-86D268C2FB54}.Release|iPhone.ActiveCfg = Release|Any CPU
		{64B224EA-0302-4DF1-A832-86D268C2FB54}.Release|iPhone.Build.0 = Release|Any CPU
		{64B224EA-0302-4DF1-A832-86D268C2FB54}.Release|iPhoneSimulator.ActiveCfg = Release|Any CPU
		{64B224EA-0302-4DF1-A832-86D268C2FB54}.Release|iPhoneSimulator.Build.0 = Release|Any CPU
		{64B224EA-0302-4DF1-A832-86D268C2FB54}.Release|x64.ActiveCfg = Release|Any CPU
		{64B224EA-0302-4DF1-A832-86D268C2FB54}.Release|x64.Build.0 = Release|Any CPU
		{64B224EA-0302-4DF1-A832-86D268C2FB54}.Release|x86.ActiveCfg = Release|Any CPU
		{64B224EA-0302-4DF1-A832-86D268C2FB54}.Release|x86.Build.0 = Release|Any CPU
	EndGlobalSection
	GlobalSection(SolutionProperties) = preSolution
		HideSolutionNode = FALSE
	EndGlobalSection
	GlobalSection(NestedProjects) = preSolution
		{76D84C48-9355-4CDE-BC33-D9DF87931CB3} = {BF6C10B4-2AB6-442D-A1F7-B40A6230C9C3}
		{D040A7A4-E7BD-4FE6-A624-2879AD589910} = {BF6C10B4-2AB6-442D-A1F7-B40A6230C9C3}
		{4807F2FE-AEA5-4594-8CC5-ECB9313CA914} = {BF6C10B4-2AB6-442D-A1F7-B40A6230C9C3}
		{5C7E6AB3-DE84-4F7A-A07C-43742CC356FF} = {BF6C10B4-2AB6-442D-A1F7-B40A6230C9C3}
		{306B6D21-036D-458A-85A5-B4142DAF470C} = {BF6C10B4-2AB6-442D-A1F7-B40A6230C9C3}
		{2E5B57D6-5B81-45A5-9317-D4CCB0EAFB44} = {BF6C10B4-2AB6-442D-A1F7-B40A6230C9C3}
		{F92FF48B-7AC7-4158-8CC9-B40FE8AF4716} = {BF6C10B4-2AB6-442D-A1F7-B40A6230C9C3}
		{DB2E9D59-31A9-4F14-B8D8-EB877334DC4F} = {BF6C10B4-2AB6-442D-A1F7-B40A6230C9C3}
		{64B224EA-0302-4DF1-A832-86D268C2FB54} = {BF6C10B4-2AB6-442D-A1F7-B40A6230C9C3}
	EndGlobalSection
	GlobalSection(ExtensibilityGlobals) = postSolution
		SolutionGuid = {D062863B-D47A-4F19-BB9B-EF03FC0CD553}
	EndGlobalSection
EndGlobal
